Microsoft Visual Studio Solution File, Format Version 12.00
# Visual Studio Version 17
VisualStudioVersion = 17.5.2.0
MinimumVisualStudioVersion = 10.0.40219.1
Project("{FAE04EC0-301F-11D3-BF4B-00C04F79EFBC}") = "YourOwnJournal", "YourOwnJournal\YourOwnJournal.csproj", "{568D3160-FC81-5C6E-2DA6-D6337C7E2905}"
EndProject
Global
	GlobalSection(SolutionConfigurationPlatforms) = preSolution
		Debug|Any CPU = Debug|Any CPU
		Release|Any CPU = Release|Any CPU
	EndGlobalSection
	GlobalSection(ProjectConfigurationPlatforms) = postSolution
		{568D3160-FC81-5C6E-2DA6-D6337C7E2905}.Debug|Any CPU.ActiveCfg = Debug|Any CPU
		{568D3160-FC81-5C6E-2DA6-D6337C7E2905}.Debug|Any CPU.Build.0 = Debug|Any CPU
		{568D3160-FC81-5C6E-2DA6-D6337C7E2905}.Release|Any CPU.ActiveCfg = Release|Any CPU
		{568D3160-FC81-5C6E-2DA6-D6337C7E2905}.Release|Any CPU.Build.0 = Release|Any CPU
	EndGlobalSection
	GlobalSection(SolutionProperties) = preSolution
		HideSolutionNode = FALSE
	EndGlobalSection
	GlobalSection(ExtensibilityGlobals) = postSolution
		SolutionGuid = {4DA4EE3F-0215-4F53-8407-2DECF5AA86D6}
	EndGlobalSection
EndGlobal
